
Microsoft Visual Studio Solution File, Format Version 12.00
# Visual Studio Version 16
VisualStudioVersion = 16.0.29411.108
MinimumVisualStudioVersion = 10.0.40219.1
Project("{FAE04EC0-301F-11D3-BF4B-00C04F79EFBC}") = "Open-Lab-2.6", "Open-Lab-2.6\Open-Lab-2.6.csproj", "{21DDA099-CC2A-40EE-8523-03080A8AFE7B}"
EndProject
Global
	GlobalSection(SolutionConfigurationPlatforms) = preSolution
		Debug|Any CPU = Debug|Any CPU
		Release|Any CPU = Release|Any CPU
	EndGlobalSection
	GlobalSection(ProjectConfigurationPlatforms) = postSolution
		{21DDA099-CC2A-40EE-8523-03080A8AFE7B}.Debug|Any CPU.ActiveCfg = Debug|Any CPU
		{21DDA099-CC2A-40EE-8523-03080A8AFE7B}.Debug|Any CPU.Build.0 = Debug|Any CPU
		{21DDA099-CC2A-40EE-8523-03080A8AFE7B}.Release|Any CPU.ActiveCfg = Release|Any CPU
		{21DDA099-CC2A-40EE-8523-03080A8AFE7B}.Release|Any CPU.Build.0 = Release|Any CPU
	EndGlobalSection
	GlobalSection(SolutionProperties) = preSolution
		HideSolutionNode = FALSE
	EndGlobalSection
	GlobalSection(ExtensibilityGlobals) = postSolution
		SolutionGuid = {769A64C8-12C1-4E52-AD93-90C49459A031}
	EndGlobalSection
EndGlobal
